Microsoft Visual Studio Solution File, Format Version 12.00
# Visual Studio Version 17
VisualStudioVersion = 17.5.2.0
MinimumVisualStudioVersion = 10.0.40219.1
Project("{FAE04EC0-301F-11D3-BF4B-00C04F79EFBC}") = "blipfeed", "blipfeed.csproj", "{A1E7041D-BA91-D747-302D-7851538E07DF}"
EndProject
Global
	GlobalSection(SolutionConfigurationPlatforms) = preSolution
		Debug|Any CPU = Debug|Any CPU
		Release|Any CPU = Release|Any CPU
	EndGlobalSection
	GlobalSection(ProjectConfigurationPlatforms) = postSolution
		{A1E7041D-BA91-D747-302D-7851538E07DF}.Debug|Any CPU.ActiveCfg = Debug|Any CPU
		{A1E7041D-BA91-D747-302D-7851538E07DF}.Debug|Any CPU.Build.0 = Debug|Any CPU
		{A1E7041D-BA91-D747-302D-7851538E07DF}.Release|Any CPU.ActiveCfg = Release|Any CPU
		{A1E7041D-BA91-D747-302D-7851538E07DF}.Release|Any CPU.Build.0 = Release|Any CPU
	EndGlobalSection
	GlobalSection(SolutionProperties) = preSolution
		HideSolutionNode = FALSE
	EndGlobalSection
	GlobalSection(ExtensibilityGlobals) = postSolution
		SolutionGuid = {063B9A10-27A3-4A46-9C69-9A6C7B7D910B}
	EndGlobalSection
EndGlobal
