Microsoft Visual Studio Solution File, Format Version 12.00
# Visual Studio Version 17
VisualStudioVersion = 17.5.2.0
MinimumVisualStudioVersion = 10.0.40219.1
Project("{FAE04EC0-301F-11D3-BF4B-00C04F79EFBC}") = "userFollowersCdc", "userFollowersCdc.csproj", "{66B8ABC2-AB89-EB32-4182-FEFF51A25132}"
EndProject
Global
	GlobalSection(SolutionConfigurationPlatforms) = preSolution
		Debug|Any CPU = Debug|Any CPU
		Release|Any CPU = Release|Any CPU
	EndGlobalSection
	GlobalSection(ProjectConfigurationPlatforms) = postSolution
		{66B8ABC2-AB89-EB32-4182-FEFF51A25132}.Debug|Any CPU.ActiveCfg = Debug|Any CPU
		{66B8ABC2-AB89-EB32-4182-FEFF51A25132}.Debug|Any CPU.Build.0 = Debug|Any CPU
		{66B8ABC2-AB89-EB32-4182-FEFF51A25132}.Release|Any CPU.ActiveCfg = Release|Any CPU
		{66B8ABC2-AB89-EB32-4182-FEFF51A25132}.Release|Any CPU.Build.0 = Release|Any CPU
	EndGlobalSection
	GlobalSection(SolutionProperties) = preSolution
		HideSolutionNode = FALSE
	EndGlobalSection
	GlobalSection(ExtensibilityGlobals) = postSolution
		SolutionGuid = {DEA81357-D411-4E34-9C29-8149C580CC25}
	EndGlobalSection
EndGlobal
